<Solution>
  <Folder Name="/src/">
    <Project Path="src/MesApp.Api/MesApp.Api.csproj" />
    <Project Path="src/MesApp.Client.Web/MesApp.Client.Web.csproj" />
    <Project Path="src/MesApp.Core/MesApp.Core.csproj" />
    <Project Path="src/MesApp.Desktop/MesApp.Desktop.csproj" />
    <Project Path="src/MesApp.Infrastructure/MesApp.Infrastructure.csproj" />
  </Folder>
  <Folder Name="/tests/">
    <Project Path="tests/MesApp.Api.Tests/MesApp.Api.Tests.csproj" />
    <Project Path="tests/MesApp.Client.Web.Tests/MesApp.Client.Web.Tests.csproj" />
  </Folder>
</Solution>
